// !$*UTF8*$!
{
	archiveVersion = 1;
	classes = {
	};
	objectVersion = 56;
	objects = {

/* Begin PBXBuildFile section */
		B17BEA7B296A9E630047B8D3 /* AppDelegate.swift in Sources */ = {isa = PBXBuildFile; fileRef = B17BEA7A296A9E630047B8D3 /* AppDelegate.swift */; };
		B17BEA7D296A9E630047B8D3 /* SceneDelegate.swift in Sources */ = {isa = PBXBuildFile; fileRef = B17BEA7C296A9E630047B8D3 /* SceneDelegate.swift */; };
		B17BEA82296A9E630047B8D3 /* Main.storyboard in Resources */ = {isa = PBXBuildFile; fileRef = B17BEA80296A9E630047B8D3 /* Main.storyboard */; };
		B17BEA84296A9E650047B8D3 /* Assets.xcassets in Resources */ = {isa = PBXBuildFile; fileRef = B17BEA83296A9E650047B8D3 /* Assets.xcassets */; };
		B17BEA87296A9E650047B8D3 /* LaunchScreen.storyboard in Resources */ = {isa = PBXBuildFile; fileRef = B17BEA85296A9E650047B8D3 /* LaunchScreen.storyboard */; };
		B17BEA92296AA0CC0047B8D3 /* LogInViewController.swift in Sources */ = {isa = PBXBuildFile; fileRef = B17BEA91296AA0CC0047B8D3 /* LogInViewController.swift */; };
		B17BEA94296AA11B0047B8D3 /* RegisterViewController.swift in Sources */ = {isa = PBXBuildFile; fileRef = B17BEA93296AA11B0047B8D3 /* RegisterViewController.swift */; };
		B17BEA96296AA15E0047B8D3 /* GroceriesListViewController.swift in Sources */ = {isa = PBXBuildFile; fileRef = B17BEA95296AA15E0047B8D3 /* GroceriesListViewController.swift */; };
		B17BEA98296AA1CA0047B8D3 /* OnlineUsersListViewController.swift in Sources */ = {isa = PBXBuildFile; fileRef = B17BEA97296AA1CA0047B8D3 /* OnlineUsersListViewController.swift */; };
		B17BEA9A296AA2130047B8D3 /* UserStateViewController.swift in Sources */ = {isa = PBXBuildFile; fileRef = B17BEA99296AA2130047B8D3 /* UserStateViewController.swift */; };
		B17BEA9C296AA6E40047B8D3 /* GoogleService-Info.plist in Resources */ = {isa = PBXBuildFile; fileRef = B17BEA9B296AA6E30047B8D3 /* GoogleService-Info.plist */; };
		B17BEA9F296AA80C0047B8D3 /* FirebaseAnalytics in Frameworks */ = {isa = PBXBuildFile; productRef = B17BEA9E296AA80C0047B8D3 /* FirebaseAnalytics */; };
		B17BEAA1296AA80C0047B8D3 /* FirebaseAnalyticsOnDeviceConversion in Frameworks */ = {isa = PBXBuildFile; productRef = B17BEAA0296AA80C0047B8D3 /* FirebaseAnalyticsOnDeviceConversion */; };
		B17BEAA3296AA80C0047B8D3 /* FirebaseAnalyticsSwift in Frameworks */ = {isa = PBXBuildFile; productRef = B17BEAA2296AA80C0047B8D3 /* FirebaseAnalyticsSwift */; };
		B17BEAA5296AA80C0047B8D3 /* FirebaseAnalyticsWithoutAdIdSupport in Frameworks */ = {isa = PBXBuildFile; productRef = B17BEAA4296AA80C0047B8D3 /* FirebaseAnalyticsWithoutAdIdSupport */; };
		B17BEAA7296AA80C0047B8D3 /* FirebaseAppCheck in Frameworks */ = {isa = PBXBuildFile; productRef = B17BEAA6296AA80C0047B8D3 /* FirebaseAppCheck */; };
		B17BEAA9296AA80C0047B8D3 /* FirebaseAppDistribution-Beta in Frameworks */ = {isa = PBXBuildFile; productRef = B17BEAA8296AA80C0047B8D3 /* FirebaseAppDistribution-Beta */; };
		B17BEAAB296AA80C0047B8D3 /* FirebaseAuth in Frameworks */ = {isa = PBXBuildFile; productRef = B17BEAAA296AA80C0047B8D3 /* FirebaseAuth */; };
		B17BEAAD296AA80C0047B8D3 /* FirebaseAuthCombine-Community in Frameworks */ = {isa = PBXBuildFile; productRef = B17BEAAC296AA80C0047B8D3 /* FirebaseAuthCombine-Community */; };
		B17BEAAF296AA80C0047B8D3 /* FirebaseCrashlytics in Frameworks */ = {isa = PBXBuildFile; productRef = B17BEAAE296AA80C0047B8D3 /* FirebaseCrashlytics */; };
		B17BEAB1296AA80C0047B8D3 /* FirebaseDatabase in Frameworks */ = {isa = PBXBuildFile; productRef = B17BEAB0296AA80C0047B8D3 /* FirebaseDatabase */; };
		B17BEAB3296AA80C0047B8D3 /* FirebaseDatabaseSwift in Frameworks */ = {isa = PBXBuildFile; productRef = B17BEAB2296AA80C0047B8D3 /* FirebaseDatabaseSwift */; };
		B17BEAB5296AA80C0047B8D3 /* FirebaseDynamicLinks in Frameworks */ = {isa = PBXBuildFile; productRef = B17BEAB4296AA80C0047B8D3 /* FirebaseDynamicLinks */; };
		B17BEAB7296AA80D0047B8D3 /* FirebaseFirestore in Frameworks */ = {isa = PBXBuildFile; productRef = B17BEAB6296AA80D0047B8D3 /* FirebaseFirestore */; };
		B17BEAB9296AA80D0047B8D3 /* FirebaseFirestoreCombine-Community in Frameworks */ = {isa = PBXBuildFile; productRef = B17BEAB8296AA80D0047B8D3 /* FirebaseFirestoreCombine-Community */; };
		B17BEABB296AA80D0047B8D3 /* FirebaseFirestoreSwift in Frameworks */ = {isa = PBXBuildFile; productRef = B17BEABA296AA80D0047B8D3 /* FirebaseFirestoreSwift */; };
		B17BEABD296AA80D0047B8D3 /* FirebaseFunctions in Frameworks */ = {isa = PBXBuildFile; productRef = B17BEABC296AA80D0047B8D3 /* FirebaseFunctions */; };
		B17BEABF296AA80D0047B8D3 /* FirebaseFunctionsCombine-Community in Frameworks */ = {isa = PBXBuildFile; productRef = B17BEABE296AA80D0047B8D3 /* FirebaseFunctionsCombine-Community */; };
		B17BEAC1296AA80D0047B8D3 /* FirebaseInAppMessaging-Beta in Frameworks */ = {isa = PBXBuildFile; productRef = B17BEAC0296AA80D0047B8D3 /* FirebaseInAppMessaging-Beta */; };
		B17BEAC3296AA80D0047B8D3 /* FirebaseInAppMessagingSwift-Beta in Frameworks */ = {isa = PBXBuildFile; productRef = B17BEAC2296AA80D0047B8D3 /* FirebaseInAppMessagingSwift-Beta */; };
		B17BEAC5296AA80D0047B8D3 /* FirebaseInstallations in Frameworks */ = {isa = PBXBuildFile; productRef = B17BEAC4296AA80D0047B8D3 /* FirebaseInstallations */; };
		B17BEAC7296AA80D0047B8D3 /* FirebaseMLModelDownloader in Frameworks */ = {isa = PBXBuildFile; productRef = B17BEAC6296AA80D0047B8D3 /* FirebaseMLModelDownloader */; };
		B17BEAC9296AA80D0047B8D3 /* FirebaseMessaging in Frameworks */ = {isa = PBXBuildFile; productRef = B17BEAC8296AA80D0047B8D3 /* FirebaseMessaging */; };
		B17BEACB296AA80D0047B8D3 /* FirebasePerformance in Frameworks */ = {isa = PBXBuildFile; productRef = B17BEACA296AA80D0047B8D3 /* FirebasePerformance */; };
		B17BEACD296AA80D0047B8D3 /* FirebaseRemoteConfig in Frameworks */ = {isa = PBXBuildFile; productRef = B17BEACC296AA80D0047B8D3 /* FirebaseRemoteConfig */; };
		B17BEACF296AA80D0047B8D3 /* FirebaseRemoteConfigSwift in Frameworks */ = {isa = PBXBuildFile; productRef = B17BEACE296AA80D0047B8D3 /* FirebaseRemoteConfigSwift */; };
		B17BEAD1296AA80E0047B8D3 /* FirebaseStorage in Frameworks */ = {isa = PBXBuildFile; productRef = B17BEAD0296AA80E0047B8D3 /* FirebaseStorage */; };
		B17BEAD3296AA80E0047B8D3 /* FirebaseStorageCombine-Community in Frameworks */ = {isa = PBXBuildFile; productRef = B17BEAD2296AA80E0047B8D3 /* FirebaseStorageCombine-Community */; };
		B17BEAD5296ADCD30047B8D3 /* Extentions.swift in Sources */ = {isa = PBXBuildFile; fileRef = B17BEAD4296ADCD30047B8D3 /* Extentions.swift */; };
		B17BEAD8296C19760047B8D3 /* Models.swift in Sources */ = {isa = PBXBuildFile; fileRef = B17BEAD7296C19760047B8D3 /* Models.swift */; };
		B17BEADA296C6FAF0047B8D3 /* GroceryItemTableViewCell.swift in Sources */ = {isa = PBXBuildFile; fileRef = B17BEAD9296C6FAF0047B8D3 /* GroceryItemTableViewCell.swift */; };
		B17BEADD296EF0F50047B8D3 /* FacebookCore in Frameworks */ = {isa = PBXBuildFile; productRef = B17BEADC296EF0F50047B8D3 /* FacebookCore */; };
		B17BEADF296EF0F50047B8D3 /* FacebookGamingServices in Frameworks */ = {isa = PBXBuildFile; productRef = B17BEADE296EF0F50047B8D3 /* FacebookGamingServices */; };
		B17BEAE1296EF0F50047B8D3 /* FacebookLogin in Frameworks */ = {isa = PBXBuildFile; productRef = B17BEAE0296EF0F50047B8D3 /* FacebookLogin */; };
		B17BEAE3296EF0F50047B8D3 /* FacebookShare in Frameworks */ = {isa = PBXBuildFile; productRef = B17BEAE2296EF0F50047B8D3 /* FacebookShare */; };
/* End PBXBuildFile section */

/* Begin PBXFileReference section */
		B17BEA77296A9E630047B8D3 /* familyGrocery.app */ = {isa = PBXFileReference; explicitFileType = wrapper.application; includeInIndex = 0; path = familyGrocery.app; sourceTree = BUILT_PRODUCTS_DIR; };
		B17BEA7A296A9E630047B8D3 /* AppDelegate.swift */ = {isa = PBXFileReference; lastKnownFileType = sourcecode.swift; path = AppDelegate.swift; sourceTree = "<group>"; };
		B17BEA7C296A9E630047B8D3 /* SceneDelegate.swift */ = {isa = PBXFileReference; lastKnownFileType = sourcecode.swift; path = SceneDelegate.swift; sourceTree = "<group>"; };
		B17BEA81296A9E630047B8D3 /* Base */ = {isa = PBXFileReference; lastKnownFileType = file.storyboard; name = Base; path = Base.lproj/Main.storyboard; sourceTree = "<group>"; };
		B17BEA83296A9E650047B8D3 /* Assets.xcassets */ = {isa = PBXFileReference; lastKnownFileType = folder.assetcatalog; path = Assets.xcassets; sourceTree = "<group>"; };
		B17BEA86296A9E650047B8D3 /* Base */ = {isa = PBXFileReference; lastKnownFileType = file.storyboard; name = Base; path = Base.lproj/LaunchScreen.storyboard; sourceTree = "<group>"; };
		B17BEA88296A9E650047B8D3 /* Info.plist */ = {isa = PBXFileReference; lastKnownFileType = text.plist.xml; path = Info.plist; sourceTree = "<group>"; };
		B17BEA91296AA0CC0047B8D3 /* LogInViewController.swift */ = {isa = PBXFileReference; lastKnownFileType = sourcecode.swift; path = LogInViewController.swift; sourceTree = "<group>"; };
		B17BEA93296AA11B0047B8D3 /* RegisterViewController.swift */ = {isa = PBXFileReference; lastKnownFileType = sourcecode.swift; path = RegisterViewController.swift; sourceTree = "<group>"; };
		B17BEA95296AA15E0047B8D3 /* GroceriesListViewController.swift */ = {isa = PBXFileReference; lastKnownFileType = sourcecode.swift; path = GroceriesListViewController.swift; sourceTree = "<group>"; };
		B17BEA97296AA1CA0047B8D3 /* OnlineUsersListViewController.swift */ = {isa = PBXFileReference; lastKnownFileType = sourcecode.swift; path = OnlineUsersListViewController.swift; sourceTree = "<group>"; };
		B17BEA99296AA2130047B8D3 /* UserStateViewController.swift */ = {isa = PBXFileReference; lastKnownFileType = sourcecode.swift; path = UserStateViewController.swift; sourceTree = "<group>"; };
		B17BEA9B296AA6E30047B8D3 /* GoogleService-Info.plist */ = {isa = PBXFileReference; fileEncoding = 4; lastKnownFileType = text.plist.xml; path = "GoogleService-Info.plist"; sourceTree = "<group>"; };
		B17BEAD4296ADCD30047B8D3 /* Extentions.swift */ = {isa = PBXFileReference; lastKnownFileType = sourcecode.swift; path = Extentions.swift; sourceTree = "<group>"; };
		B17BEAD7296C19760047B8D3 /* Models.swift */ = {isa = PBXFileReference; lastKnownFileType = sourcecode.swift; path = Models.swift; sourceTree = "<group>"; };
		B17BEAD9296C6FAF0047B8D3 /* GroceryItemTableViewCell.swift */ = {isa = PBXFileReference; lastKnownFileType = sourcecode.swift; path = GroceryItemTableViewCell.swift; sourceTree = "<group>"; };
/* End PBXFileReference section */

/* Begin PBXFrameworksBuildPhase section */
		B17BEA74296A9E630047B8D3 /* Frameworks */ = {
			isa = PBXFrameworksBuildPhase;
			buildActionMask = 2147483647;
			files = (
				B17BEAB1296AA80C0047B8D3 /* FirebaseDatabase in Frameworks */,
				B17BEABF296AA80D0047B8D3 /* FirebaseFunctionsCombine-Community in Frameworks */,
				B17BEAB7296AA80D0047B8D3 /* FirebaseFirestore in Frameworks */,
				B17BEAA3296AA80C0047B8D3 /* FirebaseAnalyticsSwift in Frameworks */,
				B17BEA9F296AA80C0047B8D3 /* FirebaseAnalytics in Frameworks */,
				B17BEAE3296EF0F50047B8D3 /* FacebookShare in Frameworks */,
				B17BEAA1296AA80C0047B8D3 /* FirebaseAnalyticsOnDeviceConversion in Frameworks */,
				B17BEAC7296AA80D0047B8D3 /* FirebaseMLModelDownloader in Frameworks */,
				B17BEABB296AA80D0047B8D3 /* FirebaseFirestoreSwift in Frameworks */,
				B17BEADF296EF0F50047B8D3 /* FacebookGamingServices in Frameworks */,
				B17BEAA7296AA80C0047B8D3 /* FirebaseAppCheck in Frameworks */,
				B17BEAA5296AA80C0047B8D3 /* FirebaseAnalyticsWithoutAdIdSupport in Frameworks */,
				B17BEAAB296AA80C0047B8D3 /* FirebaseAuth in Frameworks */,
				B17BEAAF296AA80C0047B8D3 /* FirebaseCrashlytics in Frameworks */,
				B17BEACF296AA80D0047B8D3 /* FirebaseRemoteConfigSwift in Frameworks */,
				B17BEAC1296AA80D0047B8D3 /* FirebaseInAppMessaging-Beta in Frameworks */,
				B17BEAB3296AA80C0047B8D3 /* FirebaseDatabaseSwift in Frameworks */,
				B17BEABD296AA80D0047B8D3 /* FirebaseFunctions in Frameworks */,
				B17BEAD3296AA80E0047B8D3 /* FirebaseStorageCombine-Community in Frameworks */,
				B17BEACD296AA80D0047B8D3 /* FirebaseRemoteConfig in Frameworks */,
				B17BEAA9296AA80C0047B8D3 /* FirebaseAppDistribution-Beta in Frameworks */,
				B17BEAE1296EF0F50047B8D3 /* FacebookLogin in Frameworks */,
				B17BEAAD296AA80C0047B8D3 /* FirebaseAuthCombine-Community in Frameworks */,
				B17BEACB296AA80D0047B8D3 /* FirebasePerformance in Frameworks */,
				B17BEAC3296AA80D0047B8D3 /* FirebaseInAppMessagingSwift-Beta in Frameworks */,
				B17BEAD1296AA80E0047B8D3 /* FirebaseStorage in Frameworks */,
				B17BEADD296EF0F50047B8D3 /* FacebookCore in Frameworks */,
				B17BEAB5296AA80C0047B8D3 /* FirebaseDynamicLinks in Frameworks */,
				B17BEAB9296AA80D0047B8D3 /* FirebaseFirestoreCombine-Community in Frameworks */,
				B17BEAC9296AA80D0047B8D3 /* FirebaseMessaging in Frameworks */,
				B17BEAC5296AA80D0047B8D3 /* FirebaseInstallations in Frameworks */,
			);
			runOnlyForDeploymentPostprocessing = 0;
		};
/* End PBXFrameworksBuildPhase section */

/* Begin PBXGroup section */
		B17BEA6E296A9E630047B8D3 = {
			isa = PBXGroup;
			children = (
				B17BEA9B296AA6E30047B8D3 /* GoogleService-Info.plist */,
				B17BEA79296A9E630047B8D3 /* familyGrocery */,
				B17BEA78296A9E630047B8D3 /* Products */,
			);
			sourceTree = "<group>";
		};
		B17BEA78296A9E630047B8D3 /* Products */ = {
			isa = PBXGroup;
			children = (
				B17BEA77296A9E630047B8D3 /* familyGrocery.app */,
			);
			name = Products;
			sourceTree = "<group>";
		};
		B17BEA79296A9E630047B8D3 /* familyGrocery */ = {
			isa = PBXGroup;
			children = (
				B17BEA8E296A9FDF0047B8D3 /* Resorces */,
				B17BEA8F296A9FFB0047B8D3 /* Controllers */,
				B17BEAD6296C192D0047B8D3 /* Models */,
				B17BEA83296A9E650047B8D3 /* Assets.xcassets */,
				B17BEA88296A9E650047B8D3 /* Info.plist */,
				B17BEA90296AA0190047B8D3 /* Views */,
			);
			path = familyGrocery;
			sourceTree = "<group>";
		};
		B17BEA8E296A9FDF0047B8D3 /* Resorces */ = {
			isa = PBXGroup;
			children = (
				B17BEA7A296A9E630047B8D3 /* AppDelegate.swift */,
				B17BEA7C296A9E630047B8D3 /* SceneDelegate.swift */,
				B17BEAD4296ADCD30047B8D3 /* Extentions.swift */,
			);
			path = Resorces;
			sourceTree = "<group>";
		};
		B17BEA8F296A9FFB0047B8D3 /* Controllers */ = {
			isa = PBXGroup;
			children = (
				B17BEA99296AA2130047B8D3 /* UserStateViewController.swift */,
				B17BEA91296AA0CC0047B8D3 /* LogInViewController.swift */,
				B17BEA93296AA11B0047B8D3 /* RegisterViewController.swift */,
				B17BEA95296AA15E0047B8D3 /* GroceriesListViewController.swift */,
				B17BEA97296AA1CA0047B8D3 /* OnlineUsersListViewController.swift */,
				B17BEAD9296C6FAF0047B8D3 /* GroceryItemTableViewCell.swift */,
			);
			path = Controllers;
			sourceTree = "<group>";
		};
		B17BEA90296AA0190047B8D3 /* Views */ = {
			isa = PBXGroup;
			children = (
				B17BEA85296A9E650047B8D3 /* LaunchScreen.storyboard */,
				B17BEA80296A9E630047B8D3 /* Main.storyboard */,
			);
			path = Views;
			sourceTree = "<group>";
		};
		B17BEAD6296C192D0047B8D3 /* Models */ = {
			isa = PBXGroup;
			children = (
				B17BEAD7296C19760047B8D3 /* Models.swift */,
			);
			path = Models;
			sourceTree = "<group>";
		};
/* End PBXGroup section */

/* Begin PBXNativeTarget section */
		B17BEA76296A9E630047B8D3 /* familyGrocery */ = {
			isa = PBXNativeTarget;
			buildConfigurationList = B17BEA8B296A9E650047B8D3 /* Build configuration list for PBXNativeTarget "familyGrocery" */;
			buildPhases = (
				B17BEA73296A9E630047B8D3 /* Sources */,
				B17BEA74296A9E630047B8D3 /* Frameworks */,
				B17BEA75296A9E630047B8D3 /* Resources */,
			);
			buildRules = (
			);
			dependencies = (
			);
			name = familyGrocery;
			packageProductDependencies = (
				B17BEA9E296AA80C0047B8D3 /* FirebaseAnalytics */,
				B17BEAA0296AA80C0047B8D3 /* FirebaseAnalyticsOnDeviceConversion */,
				B17BEAA2296AA80C0047B8D3 /* FirebaseAnalyticsSwift */,
				B17BEAA4296AA80C0047B8D3 /* FirebaseAnalyticsWithoutAdIdSupport */,
				B17BEAA6296AA80C0047B8D3 /* FirebaseAppCheck */,
				B17BEAA8296AA80C0047B8D3 /* FirebaseAppDistribution-Beta */,
				B17BEAAA296AA80C0047B8D3 /* FirebaseAuth */,
				B17BEAAC296AA80C0047B8D3 /* FirebaseAuthCombine-Community */,
				B17BEAAE296AA80C0047B8D3 /* FirebaseCrashlytics */,
				B17BEAB0296AA80C0047B8D3 /* FirebaseDatabase */,
				B17BEAB2296AA80C0047B8D3 /* FirebaseDatabaseSwift */,
				B17BEAB4296AA80C0047B8D3 /* FirebaseDynamicLinks */,
				B17BEAB6296AA80D0047B8D3 /* FirebaseFirestore */,
				B17BEAB8296AA80D0047B8D3 /* FirebaseFirestoreCombine-Community */,
				B17BEABA296AA80D0047B8D3 /* FirebaseFirestoreSwift */,
				B17BEABC296AA80D0047B8D3 /* FirebaseFunctions */,
				B17BEABE296AA80D0047B8D3 /* FirebaseFunctionsCombine-Community */,
				B17BEAC0296AA80D0047B8D3 /* FirebaseInAppMessaging-Beta */,
				B17BEAC2296AA80D0047B8D3 /* FirebaseInAppMessagingSwift-Beta */,
				B17BEAC4296AA80D0047B8D3 /* FirebaseInstallations */,
				B17BEAC6296AA80D0047B8D3 /* FirebaseMLModelDownloader */,
				B17BEAC8296AA80D0047B8D3 /* FirebaseMessaging */,
				B17BEACA296AA80D0047B8D3 /* FirebasePerformance */,
				B17BEACC296AA80D0047B8D3 /* FirebaseRemoteConfig */,
				B17BEACE296AA80D0047B8D3 /* FirebaseRemoteConfigSwift */,
				B17BEAD0296AA80E0047B8D3 /* FirebaseStorage */,
				B17BEAD2296AA80E0047B8D3 /* FirebaseStorageCombine-Community */,
				B17BEADC296EF0F50047B8D3 /* FacebookCore */,
				B17BEADE296EF0F50047B8D3 /* FacebookGamingServices */,
				B17BEAE0296EF0F50047B8D3 /* FacebookLogin */,
				B17BEAE2296EF0F50047B8D3 /* FacebookShare */,
			);
			productName = familyGrocery;
			productReference = B17BEA77296A9E630047B8D3 /* familyGrocery.app */;
			productType = "com.apple.product-type.application";
		};
/* End PBXNativeTarget section */

/* Begin PBXProject section */
		B17BEA6F296A9E630047B8D3 /* Project object */ = {
			isa = PBXProject;
			attributes = {
				BuildIndependentTargetsInParallel = 1;
				LastSwiftUpdateCheck = 1410;
				LastUpgradeCheck = 1410;
				TargetAttributes = {
					B17BEA76296A9E630047B8D3 = {
						CreatedOnToolsVersion = 14.1;
					};
				};
			};
			buildConfigurationList = B17BEA72296A9E630047B8D3 /* Build configuration list for PBXProject "familyGrocery" */;
			compatibilityVersion = "Xcode 14.0";
			developmentRegion = en;
			hasScannedForEncodings = 0;
			knownRegions = (
				en,
				Base,
			);
			mainGroup = B17BEA6E296A9E630047B8D3;
			packageReferences = (
				B17BEA9D296AA80C0047B8D3 /* XCRemoteSwiftPackageReference "firebase-ios-sdk" */,
				B17BEADB296EF0F50047B8D3 /* XCRemoteSwiftPackageReference "facebook-ios-sdk" */,
			);
			productRefGroup = B17BEA78296A9E630047B8D3 /* Products */;
			projectDirPath = "";
			projectRoot = "";
			targets = (
				B17BEA76296A9E630047B8D3 /* familyGrocery */,
			);
		};
/* End PBXProject section */

/* Begin PBXResourcesBuildPhase section */
		B17BEA75296A9E630047B8D3 /* Resources */ = {
			isa = PBXResourcesBuildPhase;
			buildActionMask = 2147483647;
			files = (
				B17BEA87296A9E650047B8D3 /* LaunchScreen.storyboard in Resources */,
				B17BEA9C296AA6E40047B8D3 /* GoogleService-Info.plist in Resources */,
				B17BEA84296A9E650047B8D3 /* Assets.xcassets in Resources */,
				B17BEA82296A9E630047B8D3 /* Main.storyboard in Resources */,
			);
			runOnlyForDeploymentPostprocessing = 0;
		};
/* End PBXResourcesBuildPhase section */

/* Begin PBXSourcesBuildPhase section */
		B17BEA73296A9E630047B8D3 /* Sources */ = {
			isa = PBXSourcesBuildPhase;
			buildActionMask = 2147483647;
			files = (
				B17BEADA296C6FAF0047B8D3 /* GroceryItemTableViewCell.swift in Sources */,
				B17BEA92296AA0CC0047B8D3 /* LogInViewController.swift in Sources */,
				B17BEA9A296AA2130047B8D3 /* UserStateViewController.swift in Sources */,
				B17BEA96296AA15E0047B8D3 /* GroceriesListViewController.swift in Sources */,
				B17BEA98296AA1CA0047B8D3 /* OnlineUsersListViewController.swift in Sources */,
				B17BEAD5296ADCD30047B8D3 /* Extentions.swift in Sources */,
				B17BEA7B296A9E630047B8D3 /* AppDelegate.swift in Sources */,
				B17BEAD8296C19760047B8D3 /* Models.swift in Sources */,
				B17BEA7D296A9E630047B8D3 /* SceneDelegate.swift in Sources */,
				B17BEA94296AA11B0047B8D3 /* RegisterViewController.swift in Sources */,
			);
			runOnlyForDeploymentPostprocessing = 0;
		};
/* End PBXSourcesBuildPhase section */

/* Begin PBXVariantGroup section */
		B17BEA80296A9E630047B8D3 /* Main.storyboard */ = {
			isa = PBXVariantGroup;
			children = (
				B17BEA81296A9E630047B8D3 /* Base */,
			);
			name = Main.storyboard;
			sourceTree = "<group>";
		};
		B17BEA85296A9E650047B8D3 /* LaunchScreen.storyboard */ = {
			isa = PBXVariantGroup;
			children = (
				B17BEA86296A9E650047B8D3 /* Base */,
			);
			name = LaunchScreen.storyboard;
			sourceTree = "<group>";
		};
/* End PBXVariantGroup section */

/* Begin XCBuildConfiguration section */
		B17BEA89296A9E650047B8D3 /* Debug */ = {
			isa = XCBuildConfiguration;
			buildSettings = {
				ALWAYS_SEARCH_USER_PATHS = NO;
				CLANG_ANALYZER_NONNULL = YES;
				CLANG_ANALYZER_NUMBER_OBJECT_CONVERSION = YES_AGGRESSIVE;
				CLANG_CXX_LANGUAGE_STANDARD = "gnu++20";
				CLANG_ENABLE_MODULES = YES;
				CLANG_ENABLE_OBJC_ARC = YES;
				CLANG_ENABLE_OBJC_WEAK = YES;
				CLANG_WARN_BLOCK_CAPTURE_AUTORELEASING = YES;
				CLANG_WARN_BOOL_CONVERSION = YES;
				CLANG_WARN_COMMA = YES;
				CLANG_WARN_CONSTANT_CONVERSION = YES;
				CLANG_WARN_DEPRECATED_OBJC_IMPLEMENTATIONS = YES;
				CLANG_WARN_DIRECT_OBJC_ISA_USAGE = YES_ERROR;
				CLANG_WARN_DOCUMENTATION_COMMENTS = YES;
				CLANG_WARN_EMPTY_BODY = YES;
				CLANG_WARN_ENUM_CONVERSION = YES;
				CLANG_WARN_INFINITE_RECURSION = YES;
				CLANG_WARN_INT_CONVERSION = YES;
				CLANG_WARN_NON_LITERAL_NULL_CONVERSION = YES;
				CLANG_WARN_OBJC_IMPLICIT_RETAIN_SELF = YES;
				CLANG_WARN_OBJC_LITERAL_CONVERSION = YES;
				CLANG_WARN_OBJC_ROOT_CLASS = YES_ERROR;
				CLANG_WARN_QUOTED_INCLUDE_IN_FRAMEWORK_HEADER = YES;
				CLANG_WARN_RANGE_LOOP_ANALYSIS = YES;
				CLANG_WARN_STRICT_PROTOTYPES = YES;
				CLANG_WARN_SUSPICIOUS_MOVE = YES;
				CLANG_WARN_UNGUARDED_AVAILABILITY = YES_AGGRESSIVE;
				CLANG_WARN_UNREACHABLE_CODE = YES;
				CLANG_WARN__DUPLICATE_METHOD_MATCH = YES;
				COPY_PHASE_STRIP = NO;
				DEBUG_INFORMATION_FORMAT = dwarf;
				ENABLE_STRICT_OBJC_MSGSEND = YES;
				ENABLE_TESTABILITY = YES;
				GCC_C_LANGUAGE_STANDARD = gnu11;
				GCC_DYNAMIC_NO_PIC = NO;
				GCC_NO_COMMON_BLOCKS = YES;
				GCC_OPTIMIZATION_LEVEL = 0;
				GCC_PREPROCESSOR_DEFINITIONS = (
					"DEBUG=1",
					"$(inherited)",
				);
				GCC_WARN_64_TO_32_BIT_CONVERSION = YES;
				GCC_WARN_ABOUT_RETURN_TYPE = YES_ERROR;
				GCC_WARN_UNDECLARED_SELECTOR = YES;
				GCC_WARN_UNINITIALIZED_AUTOS = YES_AGGRESSIVE;
				GCC_WARN_UNUSED_FUNCTION = YES;
				GCC_WARN_UNUSED_VARIABLE = YES;
				IPHONEOS_DEPLOYMENT_TARGET = 16.1;
				MTL_ENABLE_DEBUG_INFO = INCLUDE_SOURCE;
				MTL_FAST_MATH = YES;
				ONLY_ACTIVE_ARCH = YES;
				SDKROOT = iphoneos;
				SWIFT_ACTIVE_COMPILATION_CONDITIONS = DEBUG;
				SWIFT_OPTIMIZATION_LEVEL = "-Onone";
			};
			name = Debug;
		};
		B17BEA8A296A9E650047B8D3 /* Release */ = {
			isa = XCBuildConfiguration;
			buildSettings = {
				ALWAYS_SEARCH_USER_PATHS = NO;
				CLANG_ANALYZER_NONNULL = YES;
				CLANG_ANALYZER_NUMBER_OBJECT_CONVERSION = YES_AGGRESSIVE;
				CLANG_CXX_LANGUAGE_STANDARD = "gnu++20";
				CLANG_ENABLE_MODULES = YES;
				CLANG_ENABLE_OBJC_ARC = YES;
				CLANG_ENABLE_OBJC_WEAK = YES;
				CLANG_WARN_BLOCK_CAPTURE_AUTORELEASING = YES;
				CLANG_WARN_BOOL_CONVERSION = YES;
				CLANG_WARN_COMMA = YES;
				CLANG_WARN_CONSTANT_CONVERSION = YES;
				CLANG_WARN_DEPRECATED_OBJC_IMPLEMENTATIONS = YES;
				CLANG_WARN_DIRECT_OBJC_ISA_USAGE = YES_ERROR;
				CLANG_WARN_DOCUMENTATION_COMMENTS = YES;
				CLANG_WARN_EMPTY_BODY = YES;
				CLANG_WARN_ENUM_CONVERSION = YES;
				CLANG_WARN_INFINITE_RECURSION = YES;
				CLANG_WARN_INT_CONVERSION = YES;
				CLANG_WARN_NON_LITERAL_NULL_CONVERSION = YES;
				CLANG_WARN_OBJC_IMPLICIT_RETAIN_SELF = YES;
				CLANG_WARN_OBJC_LITERAL_CONVERSION = YES;
				CLANG_WARN_OBJC_ROOT_CLASS = YES_ERROR;
				CLANG_WARN_QUOTED_INCLUDE_IN_FRAMEWORK_HEADER = YES;
				CLANG_WARN_RANGE_LOOP_ANALYSIS = YES;
				CLANG_WARN_STRICT_PROTOTYPES = YES;
				CLANG_WARN_SUSPICIOUS_MOVE = YES;
				CLANG_WARN_UNGUARDED_AVAILABILITY = YES_AGGRESSIVE;
				CLANG_WARN_UNREACHABLE_CODE = YES;
				CLANG_WARN__DUPLICATE_METHOD_MATCH = YES;
				COPY_PHASE_STRIP = NO;
				DEBUG_INFORMATION_FORMAT = "dwarf-with-dsym";
				ENABLE_NS_ASSERTIONS = NO;
				ENABLE_STRICT_OBJC_MSGSEND = YES;
				GCC_C_LANGUAGE_STANDARD = gnu11;
				GCC_NO_COMMON_BLOCKS = YES;
				GCC_WARN_64_TO_32_BIT_CONVERSION = YES;
				GCC_WARN_ABOUT_RETURN_TYPE = YES_ERROR;
				GCC_WARN_UNDECLARED_SELECTOR = YES;
				GCC_WARN_UNINITIALIZED_AUTOS = YES_AGGRESSIVE;
				GCC_WARN_UNUSED_FUNCTION = YES;
				GCC_WARN_UNUSED_VARIABLE = YES;
				IPHONEOS_DEPLOYMENT_TARGET = 16.1;
				MTL_ENABLE_DEBUG_INFO = NO;
				MTL_FAST_MATH = YES;
				SDKROOT = iphoneos;
				SWIFT_COMPILATION_MODE = wholemodule;
				SWIFT_OPTIMIZATION_LEVEL = "-O";
				VALIDATE_PRODUCT = YES;
			};
			name = Release;
		};
		B17BEA8C296A9E650047B8D3 /* Debug */ = {
			isa = XCBuildConfiguration;
			buildSettings = {
				ASSETCATALOG_COMPILER_APPICON_NAME = AppIcon;
				ASSETCATALOG_COMPILER_GLOBAL_ACCENT_COLOR_NAME = AccentColor;
				CODE_SIGN_STYLE = Automatic;
				CURRENT_PROJECT_VERSION = 1;
				DEVELOPMENT_TEAM = 4N2CH77674;
				GENERATE_INFOPLIST_FILE = YES;
				INFOPLIST_FILE = familyGrocery/Info.plist;
				INFOPLIST_KEY_UIApplicationSupportsIndirectInputEvents = YES;
				INFOPLIST_KEY_UILaunchStoryboardName = LaunchScreen;
				INFOPLIST_KEY_UIMainStoryboardFile = Main;
				INFOPLIST_KEY_UISupportedInterfaceOrientations_iPad = "UIInterfaceOrientationPortrait UIInterfaceOrientationPortraitUpsideDown UIInterfaceOrientationLandscapeLeft UIInterfaceOrientationLandscapeRight";
				INFOPLIST_KEY_UISupportedInterfaceOrientations_iPhone = "UIInterfaceOrientationPortrait UIInterfaceOrientationLandscapeLeft UIInterfaceOrientationLandscapeRight";
				LD_RUNPATH_SEARCH_PATHS = (
					"$(inherited)",
					"@executable_path/Frameworks",
				);
				MARKETING_VERSION = 1.0;
				PRODUCT_BUNDLE_IDENTIFIER = t.com.familyGrocery;
				PRODUCT_NAME = "$(TARGET_NAME)";
				SWIFT_EMIT_LOC_STRINGS = YES;
				SWIFT_VERSION = 5.0;
				TARGETED_DEVICE_FAMILY = "1,2";
			};
			name = Debug;
		};
		B17BEA8D296A9E650047B8D3 /* Release */ = {
			isa = XCBuildConfiguration;
			buildSettings = {
				ASSETCATALOG_COMPILER_APPICON_NAME = AppIcon;
				ASSETCATALOG_COMPILER_GLOBAL_ACCENT_COLOR_NAME = AccentColor;
				CODE_SIGN_STYLE = Automatic;
				CURRENT_PROJECT_VERSION = 1;
				DEVELOPMENT_TEAM = 4N2CH77674;
				GENERATE_INFOPLIST_FILE = YES;
				INFOPLIST_FILE = familyGrocery/Info.plist;
				INFOPLIST_KEY_UIApplicationSupportsIndirectInputEvents = YES;
				INFOPLIST_KEY_UILaunchStoryboardName = LaunchScreen;
				INFOPLIST_KEY_UIMainStoryboardFile = Main;
				INFOPLIST_KEY_UISupportedInterfaceOrientations_iPad = "UIInterfaceOrientationPortrait UIInterfaceOrientationPortraitUpsideDown UIInterfaceOrientationLandscapeLeft UIInterfaceOrientationLandscapeRight";
				INFOPLIST_KEY_UISupportedInterfaceOrientations_iPhone = "UIInterfaceOrientationPortrait UIInterfaceOrientationLandscapeLeft UIInterfaceOrientationLandscapeRight";
				LD_RUNPATH_SEARCH_PATHS = (
					"$(inherited)",
					"@executable_path/Frameworks",
				);
				MARKETING_VERSION = 1.0;
				PRODUCT_BUNDLE_IDENTIFIER = t.com.familyGrocery;
				PRODUCT_NAME = "$(TARGET_NAME)";
				SWIFT_EMIT_LOC_STRINGS = YES;
				SWIFT_VERSION = 5.0;
				TARGETED_DEVICE_FAMILY = "1,2";
			};
			name = Release;
		};
/* End XCBuildConfiguration section */

/* Begin XCConfigurationList section */
		B17BEA72296A9E630047B8D3 /* Build configuration list for PBXProject "familyGrocery" */ = {
			isa = XCConfigurationList;
			buildConfigurations = (
				B17BEA89296A9E650047B8D3 /* Debug */,
				B17BEA8A296A9E650047B8D3 /* Release */,
			);
			defaultConfigurationIsVisible = 0;
			defaultConfigurationName = Release;
		};
		B17BEA8B296A9E650047B8D3 /* Build configuration list for PBXNativeTarget "familyGrocery" */ = {
			isa = XCConfigurationList;
			buildConfigurations = (
				B17BEA8C296A9E650047B8D3 /* Debug */,
				B17BEA8D296A9E650047B8D3 /* Release */,
			);
			defaultConfigurationIsVisible = 0;
			defaultConfigurationName = Release;
		};
/* End XCConfigurationList section */

/* Begin XCRemoteSwiftPackageReference section */
		B17BEA9D296AA80C0047B8D3 /* XCRemoteSwiftPackageReference "firebase-ios-sdk" */ = {
			isa = XCRemoteSwiftPackageReference;
			repositoryURL = "https://github.com/firebase/firebase-ios-sdk";
			requirement = {
				branch = master;
				kind = branch;
			};
		};
		B17BEADB296EF0F50047B8D3 /* XCRemoteSwiftPackageReference "facebook-ios-sdk" */ = {
			isa = XCRemoteSwiftPackageReference;
			repositoryURL = "https://github.com/facebook/facebook-ios-sdk";
			requirement = {
				kind = upToNextMajorVersion;
				minimumVersion = 9.0.0;
			};
		};
/* End XCRemoteSwiftPackageReference section */

/* Begin XCSwiftPackageProductDependency section */
		B17BEA9E296AA80C0047B8D3 /* FirebaseAnalytics */ = {
			isa = XCSwiftPackageProductDependency;
			package = B17BEA9D296AA80C0047B8D3 /* XCRemoteSwiftPackageReference "firebase-ios-sdk" */;
			productName = FirebaseAnalytics;
		};
		B17BEAA0296AA80C0047B8D3 /* FirebaseAnalyticsOnDeviceConversion */ = {
			isa = XCSwiftPackageProductDependency;
			package = B17BEA9D296AA80C0047B8D3 /* XCRemoteSwiftPackageReference "firebase-ios-sdk" */;
			productName = FirebaseAnalyticsOnDeviceConversion;
		};
		B17BEAA2296AA80C0047B8D3 /* FirebaseAnalyticsSwift */ = {
			isa = XCSwiftPackageProductDependency;
			package = B17BEA9D296AA80C0047B8D3 /* XCRemoteSwiftPackageReference "firebase-ios-sdk" */;
			productName = FirebaseAnalyticsSwift;
		};
		B17BEAA4296AA80C0047B8D3 /* FirebaseAnalyticsWithoutAdIdSupport */ = {
			isa = XCSwiftPackageProductDependency;
			package = B17BEA9D296AA80C0047B8D3 /* XCRemoteSwiftPackageReference "firebase-ios-sdk" */;
			productName = FirebaseAnalyticsWithoutAdIdSupport;
		};
		B17BEAA6296AA80C0047B8D3 /* FirebaseAppCheck */ = {
			isa = XCSwiftPackageProductDependency;
			package = B17BEA9D296AA80C0047B8D3 /* XCRemoteSwiftPackageReference "firebase-ios-sdk" */;
			productName = FirebaseAppCheck;
		};
		B17BEAA8296AA80C0047B8D3 /* FirebaseAppDistribution-Beta */ = {
			isa = XCSwiftPackageProductDependency;
			package = B17BEA9D296AA80C0047B8D3 /* XCRemoteSwiftPackageReference "firebase-ios-sdk" */;
			productName = "FirebaseAppDistribution-Beta";
		};
		B17BEAAA296AA80C0047B8D3 /* FirebaseAuth */ = {
			isa = XCSwiftPackageProductDependency;
			package = B17BEA9D296AA80C0047B8D3 /* XCRemoteSwiftPackageReference "firebase-ios-sdk" */;
			productName = FirebaseAuth;
		};
		B17BEAAC296AA80C0047B8D3 /* FirebaseAuthCombine-Community */ = {
			isa = XCSwiftPackageProductDependency;
			package = B17BEA9D296AA80C0047B8D3 /* XCRemoteSwiftPackageReference "firebase-ios-sdk" */;
			productName = "FirebaseAuthCombine-Community";
		};
		B17BEAAE296AA80C0047B8D3 /* FirebaseCrashlytics */ = {
			isa = XCSwiftPackageProductDependency;
			package = B17BEA9D296AA80C0047B8D3 /* XCRemoteSwiftPackageReference "firebase-ios-sdk" */;
			productName = FirebaseCrashlytics;
		};
		B17BEAB0296AA80C0047B8D3 /* FirebaseDatabase */ = {
			isa = XCSwiftPackageProductDependency;
			package = B17BEA9D296AA80C0047B8D3 /* XCRemoteSwiftPackageReference "firebase-ios-sdk" */;
			productName = FirebaseDatabase;
		};
		B17BEAB2296AA80C0047B8D3 /* FirebaseDatabaseSwift */ = {
			isa = XCSwiftPackageProductDependency;
			package = B17BEA9D296AA80C0047B8D3 /* XCRemoteSwiftPackageReference "firebase-ios-sdk" */;
			productName = FirebaseDatabaseSwift;
		};
		B17BEAB4296AA80C0047B8D3 /* FirebaseDynamicLinks */ = {
			isa = XCSwiftPackageProductDependency;
			package = B17BEA9D296AA80C0047B8D3 /* XCRemoteSwiftPackageReference "firebase-ios-sdk" */;
			productName = FirebaseDynamicLinks;
		};
		B17BEAB6296AA80D0047B8D3 /* FirebaseFirestore */ = {
			isa = XCSwiftPackageProductDependency;
			package = B17BEA9D296AA80C0047B8D3 /* XCRemoteSwiftPackageReference "firebase-ios-sdk" */;
			productName = FirebaseFirestore;
		};
		B17BEAB8296AA80D0047B8D3 /* FirebaseFirestoreCombine-Community */ = {
			isa = XCSwiftPackageProductDependency;
			package = B17BEA9D296AA80C0047B8D3 /* XCRemoteSwiftPackageReference "firebase-ios-sdk" */;
			productName = "FirebaseFirestoreCombine-Community";
		};
		B17BEABA296AA80D0047B8D3 /* FirebaseFirestoreSwift */ = {
			isa = XCSwiftPackageProductDependency;
			package = B17BEA9D296AA80C0047B8D3 /* XCRemoteSwiftPackageReference "firebase-ios-sdk" */;
			productName = FirebaseFirestoreSwift;
		};
		B17BEABC296AA80D0047B8D3 /* FirebaseFunctions */ = {
			isa = XCSwiftPackageProductDependency;
			package = B17BEA9D296AA80C0047B8D3 /* XCRemoteSwiftPackageReference "firebase-ios-sdk" */;
			productName = FirebaseFunctions;
		};
		B17BEABE296AA80D0047B8D3 /* FirebaseFunctionsCombine-Community */ = {
			isa = XCSwiftPackageProductDependency;
			package = B17BEA9D296AA80C0047B8D3 /* XCRemoteSwiftPackageReference "firebase-ios-sdk" */;
			productName = "FirebaseFunctionsCombine-Community";
		};
		B17BEAC0296AA80D0047B8D3 /* FirebaseInAppMessaging-Beta */ = {
			isa = XCSwiftPackageProductDependency;
			package = B17BEA9D296AA80C0047B8D3 /* XCRemoteSwiftPackageReference "firebase-ios-sdk" */;
			productName = "FirebaseInAppMessaging-Beta";
		};
		B17BEAC2296AA80D0047B8D3 /* FirebaseInAppMessagingSwift-Beta */ = {
			isa = XCSwiftPackageProductDependency;
			package = B17BEA9D296AA80C0047B8D3 /* XCRemoteSwiftPackageReference "firebase-ios-sdk" */;
			productName = "FirebaseInAppMessagingSwift-Beta";
		};
		B17BEAC4296AA80D0047B8D3 /* FirebaseInstallations */ = {
			isa = XCSwiftPackageProductDependency;
			package = B17BEA9D296AA80C0047B8D3 /* XCRemoteSwiftPackageReference "firebase-ios-sdk" */;
			productName = FirebaseInstallations;
		};
		B17BEAC6296AA80D0047B8D3 /* FirebaseMLModelDownloader */ = {
			isa = XCSwiftPackageProductDependency;
			package = B17BEA9D296AA80C0047B8D3 /* XCRemoteSwiftPackageReference "firebase-ios-sdk" */;
			productName = FirebaseMLModelDownloader;
		};
		B17BEAC8296AA80D0047B8D3 /* FirebaseMessaging */ = {
			isa = XCSwiftPackageProductDependency;
			package = B17BEA9D296AA80C0047B8D3 /* XCRemoteSwiftPackageReference "firebase-ios-sdk" */;
			productName = FirebaseMessaging;
		};
		B17BEACA296AA80D0047B8D3 /* FirebasePerformance */ = {
			isa = XCSwiftPackageProductDependency;
			package = B17BEA9D296AA80C0047B8D3 /* XCRemoteSwiftPackageReference "firebase-ios-sdk" */;
			productName = FirebasePerformance;
		};
		B17BEACC296AA80D0047B8D3 /* FirebaseRemoteConfig */ = {
			isa = XCSwiftPackageProductDependency;
			package = B17BEA9D296AA80C0047B8D3 /* XCRemoteSwiftPackageReference "firebase-ios-sdk" */;
			productName = FirebaseRemoteConfig;
		};
		B17BEACE296AA80D0047B8D3 /* FirebaseRemoteConfigSwift */ = {
			isa = XCSwiftPackageProductDependency;
			package = B17BEA9D296AA80C0047B8D3 /* XCRemoteSwiftPackageReference "firebase-ios-sdk" */;
			productName = FirebaseRemoteConfigSwift;
		};
		B17BEAD0296AA80E0047B8D3 /* FirebaseStorage */ = {
			isa = XCSwiftPackageProductDependency;
			package = B17BEA9D296AA80C0047B8D3 /* XCRemoteSwiftPackageReference "firebase-ios-sdk" */;
			productName = FirebaseStorage;
		};
		B17BEAD2296AA80E0047B8D3 /* FirebaseStorageCombine-Community */ = {
			isa = XCSwiftPackageProductDependency;
			package = B17BEA9D296AA80C0047B8D3 /* XCRemoteSwiftPackageReference "firebase-ios-sdk" */;
			productName = "FirebaseStorageCombine-Community";
		};
		B17BEADC296EF0F50047B8D3 /* FacebookCore */ = {
			isa = XCSwiftPackageProductDependency;
			package = B17BEADB296EF0F50047B8D3 /* XCRemoteSwiftPackageReference "facebook-ios-sdk" */;
			productName = FacebookCore;
		};
		B17BEADE296EF0F50047B8D3 /* FacebookGamingServices */ = {
			isa = XCSwiftPackageProductDependency;
			package = B17BEADB296EF0F50047B8D3 /* XCRemoteSwiftPackageReference "facebook-ios-sdk" */;
			productName = FacebookGamingServices;
		};
		B17BEAE0296EF0F50047B8D3 /* FacebookLogin */ = {
			isa = XCSwiftPackageProductDependency;
			package = B17BEADB296EF0F50047B8D3 /* XCRemoteSwiftPackageReference "facebook-ios-sdk" */;
			productName = FacebookLogin;
		};
		B17BEAE2296EF0F50047B8D3 /* FacebookShare */ = {
			isa = XCSwiftPackageProductDependency;
			package = B17BEADB296EF0F50047B8D3 /* XCRemoteSwiftPackageReference "facebook-ios-sdk" */;
			productName = FacebookShare;
		};
/* End XCSwiftPackageProductDependency section */
	};
	rootObject = B17BEA6F296A9E630047B8D3 /* Project object */;
}
